{
  "version": 4,
  "terraform_version": "1.3.9",
  "serial": 29,
  "lineage": "dcccad75-84be-993e-6099-5cfa32f297f8",
  "outputs": {
    "current_github_login": {
      "value": "icharshal",
      "type": "string"
    },
    "github_url": {
      "value": "https://github.com/icharshal/testing",
      "type": "string"
    }
  },
  "resources": [
    {
      "mode": "data",
      "type": "github_user",
      "name": "current",
      "provider": "provider[\"registry.terraform.io/hashicorp/github\"]",
      "instances": [
        {
          "schema_version": 0,
          "attributes": {
            "avatar_url": "https://avatars.githubusercontent.com/u/69721177?v=4",
            "bio": "All repo for Learning DevOps, Experiments and Testing ",
            "blog": "",
            "company": "",
            "created_at": null,
            "email": "",
            "followers": 0,
            "following": 22,
            "gpg_keys": [],
            "gravatar_id": "",
            "id": "69721177",
            "location": "",
            "login": "icharshal",
            "name": "Harshal Nikure",
            "node_id": "MDQ6VXNlcjY5NzIxMTc3",
            "public_gists": 0,
            "public_repos": 42,
            "site_admin": false,
            "ssh_keys": [],
            "suspended_at": null,
            "updated_at": null,
            "username": null
          },
          "sensitive_attributes": []
        }
      ]
    },
    {
      "mode": "managed",
      "type": "github_repository",
      "name": "tera_testing",
      "provider": "provider[\"registry.terraform.io/hashicorp/github\"]",
      "instances": [
        {
          "schema_version": 1,
          "attributes": {
            "allow_auto_merge": false,
            "allow_merge_commit": true,
            "allow_rebase_merge": true,
            "allow_squash_merge": true,
            "allow_update_branch": false,
            "archive_on_destroy": null,
            "archived": false,
            "auto_init": null,
            "default_branch": "main",
            "delete_branch_on_merge": false,
            "description": "My awesome codebase",
            "etag": "W/\"254b763bf7fe045180872d09bff2206b79f096b80ebbc837216033661a80c68f\"",
            "full_name": "icharshal/tera_testing",
            "git_clone_url": "git://github.com/icharshal/tera_testing.git",
            "gitignore_template": null,
            "has_discussions": false,
            "has_downloads": false,
            "has_issues": false,
            "has_projects": false,
            "has_wiki": false,
            "homepage_url": "",
            "html_url": "https://github.com/icharshal/tera_testing",
            "http_clone_url": "https://github.com/icharshal/tera_testing.git",
            "id": "tera_testing",
            "ignore_vulnerability_alerts_during_read": null,
            "is_template": false,
            "license_template": null,
            "merge_commit_message": "PR_TITLE",
            "merge_commit_title": "MERGE_MESSAGE",
            "name": "tera_testing",
            "node_id": "R_kgDOJVTo5A",
            "pages": [],
            "private": false,
            "repo_id": 626321636,
            "security_and_analysis": [
              {
                "advanced_security": [],
                "secret_scanning": [
                  {
                    "status": "disabled"
                  }
                ],
                "secret_scanning_push_protection": [
                  {
                    "status": "disabled"
                  }
                ]
              }
            ],
            "squash_merge_commit_message": "COMMIT_MESSAGES",
            "squash_merge_commit_title": "COMMIT_OR_PR_TITLE",
            "ssh_clone_url": "git@github.com:icharshal/tera_testing.git",
            "svn_url": "https://github.com/icharshal/tera_testing",
            "template": [],
            "topics": null,
            "visibility": "public",
            "vulnerability_alerts": false
          },
          "sensitive_attributes": [],
          "private": "eyJzY2hlbWFfdmVyc2lvbiI6IjEifQ=="
        }
      ]
    },
    {
      "mode": "managed",
      "type": "github_repository",
      "name": "testing",
      "provider": "provider[\"registry.terraform.io/hashicorp/github\"]",
      "instances": [
        {
          "schema_version": 1,
          "attributes": {
            "allow_auto_merge": false,
            "allow_merge_commit": true,
            "allow_rebase_merge": true,
            "allow_squash_merge": true,
            "allow_update_branch": false,
            "archive_on_destroy": null,
            "archived": false,
            "auto_init": null,
            "default_branch": "main",
            "delete_branch_on_merge": false,
            "description": "My awesome codebase",
            "etag": "W/\"f274465bfbcdfae919bdf3cf251f7a8e0680411506ae9059ad78e5236da813f5\"",
            "full_name": "icharshal/testing",
            "git_clone_url": "git://github.com/icharshal/testing.git",
            "gitignore_template": null,
            "has_discussions": false,
            "has_downloads": false,
            "has_issues": false,
            "has_projects": false,
            "has_wiki": false,
            "homepage_url": "",
            "html_url": "https://github.com/icharshal/testing",
            "http_clone_url": "https://github.com/icharshal/testing.git",
            "id": "testing",
            "ignore_vulnerability_alerts_during_read": null,
            "is_template": false,
            "license_template": null,
            "merge_commit_message": "PR_TITLE",
            "merge_commit_title": "MERGE_MESSAGE",
            "name": "testing",
            "node_id": "R_kgDOJVTpBg",
            "pages": [],
            "private": false,
            "repo_id": 626321670,
            "security_and_analysis": [
              {
                "advanced_security": [],
                "secret_scanning": [
                  {
                    "status": "disabled"
                  }
                ],
                "secret_scanning_push_protection": [
                  {
                    "status": "disabled"
                  }
                ]
              }
            ],
            "squash_merge_commit_message": "COMMIT_MESSAGES",
            "squash_merge_commit_title": "COMMIT_OR_PR_TITLE",
            "ssh_clone_url": "git@github.com:icharshal/testing.git",
            "svn_url": "https://github.com/icharshal/testing",
            "template": [],
            "topics": null,
            "visibility": "public",
            "vulnerability_alerts": false
          },
          "sensitive_attributes": [],
          "private": "eyJzY2hlbWFfdmVyc2lvbiI6IjEifQ=="
        }
      ]
    }
  ],
  "check_results": null
}
